
Microsoft Visual Studio Solution File, Format Version 12.00
# Visual Studio 2013
VisualStudioVersion = 12.0.21005.1
MinimumVisualStudioVersion = 10.0.40219.1
Project("{FAE04EC0-301F-11D3-BF4B-00C04F79EFBC}") = "PathfinderBuilder", "PathfinderBuilder\PathfinderBuilder.csproj", "{F49B211A-7A20-4652-B8F9-4DEC8A33564C}"
EndProject
Project("{FAE04EC0-301F-11D3-BF4B-00C04F79EFBC}") = "GUI", "GUI\GUI.csproj", "{2F2A6DC0-24AC-43A8-8FCD-6D87012BE81D}"
EndProject
Global
	GlobalSection(SolutionConfigurationPlatforms) = preSolution
		Debug|Any CPU = Debug|Any CPU
		Release|Any CPU = Release|Any CPU
	EndGlobalSection
	GlobalSection(ProjectConfigurationPlatforms) = postSolution
		{F49B211A-7A20-4652-B8F9-4DEC8A33564C}.Debug|Any CPU.ActiveCfg = Debug|Any CPU
		{F49B211A-7A20-4652-B8F9-4DEC8A33564C}.Debug|Any CPU.Build.0 = Debug|Any CPU
		{F49B211A-7A20-4652-B8F9-4DEC8A33564C}.Release|Any CPU.ActiveCfg = Release|Any CPU
		{F49B211A-7A20-4652-B8F9-4DEC8A33564C}.Release|Any CPU.Build.0 = Release|Any CPU
		{2F2A6DC0-24AC-43A8-8FCD-6D87012BE81D}.Debug|Any CPU.ActiveCfg = Debug|Any CPU
		{2F2A6DC0-24AC-43A8-8FCD-6D87012BE81D}.Debug|Any CPU.Build.0 = Debug|Any CPU
		{2F2A6DC0-24AC-43A8-8FCD-6D87012BE81D}.Release|Any CPU.ActiveCfg = Release|Any CPU
		{2F2A6DC0-24AC-43A8-8FCD-6D87012BE81D}.Release|Any CPU.Build.0 = Release|Any CPU
	EndGlobalSection
	GlobalSection(SolutionProperties) = preSolution
		HideSolutionNode = FALSE
	EndGlobalSection
EndGlobal
